
Microsoft Visual Studio Solution File, Format Version 12.00
# Visual Studio Version 17
VisualStudioVersion = 17.8.34309.116
MinimumVisualStudioVersion = 10.0.40219.1
Project("{FAE04EC0-301F-11D3-BF4B-00C04F79EFBC}") = "Versionamento.API", "Versionamento.API\Versionamento.API.csproj", "{423C29AE-169E-47B2-A8D6-5F4D9BF98787}"
EndProject
Global
	GlobalSection(SolutionConfigurationPlatforms) = preSolution
		Debug|Any CPU = Debug|Any CPU
		Release|Any CPU = Release|Any CPU
	EndGlobalSection
	GlobalSection(ProjectConfigurationPlatforms) = postSolution
		{423C29AE-169E-47B2-A8D6-5F4D9BF98787}.Debug|Any CPU.ActiveCfg = Debug|Any CPU
		{423C29AE-169E-47B2-A8D6-5F4D9BF98787}.Debug|Any CPU.Build.0 = Debug|Any CPU
		{423C29AE-169E-47B2-A8D6-5F4D9BF98787}.Release|Any CPU.ActiveCfg = Release|Any CPU
		{423C29AE-169E-47B2-A8D6-5F4D9BF98787}.Release|Any CPU.Build.0 = Release|Any CPU
	EndGlobalSection
	GlobalSection(SolutionProperties) = preSolution
		HideSolutionNode = FALSE
	EndGlobalSection
	GlobalSection(ExtensibilityGlobals) = postSolution
		SolutionGuid = {3FBE85DC-42AF-4298-B138-D0C84B4FB994}
	EndGlobalSection
EndGlobal
